
Microsoft Visual Studio Solution File, Format Version 12.00
# Visual Studio Version 17
VisualStudioVersion = 17.2.32526.322
MinimumVisualStudioVersion = 10.0.40219.1
Project("{9A19103F-16F7-4668-BE54-9A1E7A4F7556}") = "ReserRoom", "ReserRoom.csproj", "{9E181937-55D2-432A-A2C2-9F09DE472100}"
EndProject
Global
	GlobalSection(SolutionConfigurationPlatforms) = preSolution
		Debug|Any CPU = Debug|Any CPU
		Release|Any CPU = Release|Any CPU
	EndGlobalSection
	GlobalSection(ProjectConfigurationPlatforms) = postSolution
		{9E181937-55D2-432A-A2C2-9F09DE472100}.Debug|Any CPU.ActiveCfg = Debug|Any CPU
		{9E181937-55D2-432A-A2C2-9F09DE472100}.Debug|Any CPU.Build.0 = Debug|Any CPU
		{9E181937-55D2-432A-A2C2-9F09DE472100}.Release|Any CPU.ActiveCfg = Release|Any CPU
		{9E181937-55D2-432A-A2C2-9F09DE472100}.Release|Any CPU.Build.0 = Release|Any CPU
	EndGlobalSection
	GlobalSection(SolutionProperties) = preSolution
		HideSolutionNode = FALSE
	EndGlobalSection
	GlobalSection(ExtensibilityGlobals) = postSolution
		SolutionGuid = {D1DACE79-A458-4DED-A2CD-43FCDB9CFAFB}
	EndGlobalSection
EndGlobal
